# THIS IS AN AUTOGENERATED FILE. DO NOT EDIT THIS FILE DIRECTLY.
# yarn lockfile v1


geodesy@^2.4.0:
  version "2.4.0"
  resolved "https://registry.yarnpkg.com/geodesy/-/geodesy-2.4.0.tgz#6a0ad3dab3c1f95d8430aaa04fbe620b639c3e48"
  integrity sha512-tHjQ1sXq8UAIEg1V0Pa6mznUxGU0R+3H5PIF6NULr0yPCAVLKqJro93Bbr19jSE18BMfyjN4osWDI4sm92m0kw==
